{
  "name": "@cycjimmy/semantic-release-action",
  "version": "2.5.4",
  "lockfileVersion": 1,
  "requires": true,
  "dependencies": {
    "@actions/core": {
      "version": "1.3.0",
      "resolved": "https://registry.npmjs.org/@actions/core/-/core-1.3.0.tgz",
      "integrity": "sha512-xxtX0Cwdhb8LcgatfJkokqT8KzPvcIbwL9xpLU09nOwBzaStbfm0dNncsP0M4us+EpoPdWy7vbzU5vSOH7K6pg=="
    },
    "@cycjimmy/awesome-js-funcs": {
      "version": "2.5.0",
      "resolved": "https://registry.npmjs.org/@cycjimmy/awesome-js-funcs/-/awesome-js-funcs-2.5.0.tgz",
      "integrity": "sha512-xy4MkuL8FcmRfWm0FwdHUCWB+EQ/ljCuTAf6d3SdaXPDgD4celrq0/vJT9ekLF0E6Au4fLbvRh1G8sXnGwDUkg=="
    }
  }
}
