{
  "name": "@cycjimmy/semantic-release-action",
  "version": "2.5.3",
  "lockfileVersion": 1,
  "requires": true,
  "dependencies": {
    "@actions/core": {
      "version": "1.2.7",
      "resolved": "https://registry.npmjs.org/@actions/core/-/core-1.2.7.tgz",
      "integrity": "sha512-kzLFD5BgEvq6ubcxdgPbRKGD2Qrgya/5j+wh4LZzqT915I0V3rED+MvjH6NXghbvk1MXknpNNQ3uKjXSEN00Ig=="
    },
    "@cycjimmy/awesome-js-funcs": {
      "version": "2.4.0",
      "resolved": "https://registry.npmjs.org/@cycjimmy/awesome-js-funcs/-/awesome-js-funcs-2.4.0.tgz",
      "integrity": "sha512-jRh5/h9owVt0ZWmbsWaAoZIgOJ38fBSEn/23Gph0Hlvb8Y8vspHx9Cqf4bfVdz23dEZUkiujr0zRB4BXlIJ3TQ=="
    }
  }
}
